
Microsoft Visual Studio Solution File, Format Version 12.00
# Visual Studio 15
VisualStudioVersion = 15.0.28307.779
MinimumVisualStudioVersion = 10.0.40219.1
Project("{FAE04EC0-301F-11D3-BF4B-00C04F79EFBC}") = "LiteDB.AzureBlob", "LiteDB.AzureBlob\LiteDB.AzureBlob.csproj", "{C33824D0-0DCD-408E-8978-B654886A4A31}"
EndProject
Project("{FAE04EC0-301F-11D3-BF4B-00C04F79EFBC}") = "Demo", "Demo\Demo.csproj", "{86884A8E-D481-4E1E-927D-5F5DA618C2BA}"
EndProject
Global
	GlobalSection(SolutionConfigurationPlatforms) = preSolution
		Debug|Any CPU = Debug|Any CPU
		Release|Any CPU = Release|Any CPU
	EndGlobalSection
	GlobalSection(ProjectConfigurationPlatforms) = postSolution
		{C33824D0-0DCD-408E-8978-B654886A4A31}.Debug|Any CPU.ActiveCfg = Debug|Any CPU
		{C33824D0-0DCD-408E-8978-B654886A4A31}.Debug|Any CPU.Build.0 = Debug|Any CPU
		{C33824D0-0DCD-408E-8978-B654886A4A31}.Release|Any CPU.ActiveCfg = Release|Any CPU
		{C33824D0-0DCD-408E-8978-B654886A4A31}.Release|Any CPU.Build.0 = Release|Any CPU
		{86884A8E-D481-4E1E-927D-5F5DA618C2BA}.Debug|Any CPU.ActiveCfg = Debug|Any CPU
		{86884A8E-D481-4E1E-927D-5F5DA618C2BA}.Debug|Any CPU.Build.0 = Debug|Any CPU
		{86884A8E-D481-4E1E-927D-5F5DA618C2BA}.Release|Any CPU.ActiveCfg = Release|Any CPU
		{86884A8E-D481-4E1E-927D-5F5DA618C2BA}.Release|Any CPU.Build.0 = Release|Any CPU
	EndGlobalSection
	GlobalSection(SolutionProperties) = preSolution
		HideSolutionNode = FALSE
	EndGlobalSection
	GlobalSection(ExtensibilityGlobals) = postSolution
		SolutionGuid = {31BF008A-DDCA-4642-BAFE-D1F77159C5BD}
	EndGlobalSection
EndGlobal
